
Microsoft Visual Studio Solution File, Format Version 12.00
# Visual Studio 15
VisualStudioVersion = 15.0.28307.705
MinimumVisualStudioVersion = 10.0.40219.1
Project("{9A19103F-16F7-4668-BE54-9A1E7A4F7556}") = "DatingApp.API", "DatingApp.API.csproj", "{422F476B-0C99-449B-BBE4-A17F1C6B374C}"
EndProject
Global
	GlobalSection(SolutionConfigurationPlatforms) = preSolution
		Debug|Any CPU = Debug|Any CPU
		Release|Any CPU = Release|Any CPU
	EndGlobalSection
	GlobalSection(ProjectConfigurationPlatforms) = postSolution
		{422F476B-0C99-449B-BBE4-A17F1C6B374C}.Debug|Any CPU.ActiveCfg = Debug|Any CPU
		{422F476B-0C99-449B-BBE4-A17F1C6B374C}.Debug|Any CPU.Build.0 = Debug|Any CPU
		{422F476B-0C99-449B-BBE4-A17F1C6B374C}.Release|Any CPU.ActiveCfg = Release|Any CPU
		{422F476B-0C99-449B-BBE4-A17F1C6B374C}.Release|Any CPU.Build.0 = Release|Any CPU
	EndGlobalSection
	GlobalSection(SolutionProperties) = preSolution
		HideSolutionNode = FALSE
	EndGlobalSection
	GlobalSection(ExtensibilityGlobals) = postSolution
		SolutionGuid = {E29DC65D-65A1-4264-A318-65657147D8A9}
	EndGlobalSection
EndGlobal
